PODS:
  - Flutter (1.0.0)
  - path_provider (0.0.1):
    - Flutter
  - workmanager (0.0.1):
    - Flutter

DEPENDENCIES:
  - Flutter (from `.symlinks/flutter/ios`)
  - path_provider (from `.symlinks/plugins/path_provider/ios`)
  - workmanager (from `.symlinks/plugins/workmanager/ios`)

EXTERNAL SOURCES:
  Flutter:
    :path: ".symlinks/flutter/ios"
  path_provider:
    :path: ".symlinks/plugins/path_provider/ios"
  workmanager:
    :path: ".symlinks/plugins/workmanager/ios"

SPEC CHECKSUMS:
  Flutter: 0e3d915762c693b495b44d77113d4970485de6ec
  path_provider: fb74bd0465e96b594bb3b5088ee4a4e7bb1f2a9d
  workmanager: ffff78bf18495e2bc5b8c955ead94a81db340681

PODFILE CHECKSUM: 57268ad4ad4314d2e0bdf5c907ae01d8abcc9294

COCOAPODS: 1.8.4
